
Microsoft Visual Studio Solution File, Format Version 12.00
# Visual Studio Version 17
VisualStudioVersion = 17.0.31903.59
MinimumVisualStudioVersion = 10.0.40219.1
<<<<<<< HEAD
Project("{FAE04EC0-301F-11D3-BF4B-00C04F79EFBC}") = "Bagels", "Bagels\Bagels.csproj", "{E78F39CF-CF1A-4B70-8AD9-AF8AB7CCCF31}"
EndProject
Project("{FAE04EC0-301F-11D3-BF4B-00C04F79EFBC}") = "black_jack", "black_jack\black_jack.csproj", "{330B6EDA-422B-4BC7-817D-9B63406B654D}"
EndProject
Project("{FAE04EC0-301F-11D3-BF4B-00C04F79EFBC}") = "BlackJack2", "BlackJack2\BlackJack2.csproj", "{6B60476C-5037-4F10-B7CD-C675EF8A3EDD}"
EndProject
Project("{FAE04EC0-301F-11D3-BF4B-00C04F79EFBC}") = "crazy_ball", "crazy_ball\crazy_ball.csproj", "{329FBD90-4518-4B9A-AA2A-0A8126D77DE9}"
EndProject
Project("{FAE04EC0-301F-11D3-BF4B-00C04F79EFBC}") = "TetrisGame", "tetris\TetrisGame.csproj", "{37B0ACD8-E417-448E-AFD1-125E2BFFCB92}"
EndProject
Project("{FAE04EC0-301F-11D3-BF4B-00C04F79EFBC}") = "tic_tac_toe", "tic_tac_toe\tic_tac_toe.csproj", "{043448D4-1A72-4EE0-BEF5-62EA4770B188}"
=======
Project("{9A19103F-16F7-4668-BE54-9A1E7A4F7556}") = "Bagels", "Bagels\Bagels.csproj", "{E78F39CF-CF1A-4B70-8AD9-AF8AB7CCCF31}"
EndProject
Project("{9A19103F-16F7-4668-BE54-9A1E7A4F7556}") = "black_jack", "black_jack\black_jack.csproj", "{330B6EDA-422B-4BC7-817D-9B63406B654D}"
EndProject
Project("{9A19103F-16F7-4668-BE54-9A1E7A4F7556}") = "BlackJack2", "BlackJack2\BlackJack2.csproj", "{6B60476C-5037-4F10-B7CD-C675EF8A3EDD}"
EndProject
Project("{9A19103F-16F7-4668-BE54-9A1E7A4F7556}") = "crazy_ball", "crazy_ball\crazy_ball.csproj", "{329FBD90-4518-4B9A-AA2A-0A8126D77DE9}"
EndProject
Project("{9A19103F-16F7-4668-BE54-9A1E7A4F7556}") = "TetrisGame", "tetris\TetrisGame.csproj", "{37B0ACD8-E417-448E-AFD1-125E2BFFCB92}"
EndProject
Project("{9A19103F-16F7-4668-BE54-9A1E7A4F7556}") = "tic_tac_toe", "tic_tac_toe\tic_tac_toe.csproj", "{043448D4-1A72-4EE0-BEF5-62EA4770B188}"
EndProject
Project("{FAE04EC0-301F-11D3-BF4B-00C04F79EFBC}") = "SlidingTiles", "SlidingTiles\SlidingTiles.csproj", "{5F1E948D-2066-4BB9-9F39-41577F42E1A3}"
>>>>>>> slide
EndProject
Global
	GlobalSection(SolutionConfigurationPlatforms) = preSolution
		Debug|Any CPU = Debug|Any CPU
		Release|Any CPU = Release|Any CPU
	EndGlobalSection
<<<<<<< HEAD
	GlobalSection(SolutionProperties) = preSolution
		HideSolutionNode = FALSE
	EndGlobalSection
=======
>>>>>>> slide
	GlobalSection(ProjectConfigurationPlatforms) = postSolution
		{E78F39CF-CF1A-4B70-8AD9-AF8AB7CCCF31}.Debug|Any CPU.ActiveCfg = Debug|Any CPU
		{E78F39CF-CF1A-4B70-8AD9-AF8AB7CCCF31}.Debug|Any CPU.Build.0 = Debug|Any CPU
		{E78F39CF-CF1A-4B70-8AD9-AF8AB7CCCF31}.Release|Any CPU.ActiveCfg = Release|Any CPU
		{E78F39CF-CF1A-4B70-8AD9-AF8AB7CCCF31}.Release|Any CPU.Build.0 = Release|Any CPU
		{330B6EDA-422B-4BC7-817D-9B63406B654D}.Debug|Any CPU.ActiveCfg = Debug|Any CPU
		{330B6EDA-422B-4BC7-817D-9B63406B654D}.Debug|Any CPU.Build.0 = Debug|Any CPU
		{330B6EDA-422B-4BC7-817D-9B63406B654D}.Release|Any CPU.ActiveCfg = Release|Any CPU
		{330B6EDA-422B-4BC7-817D-9B63406B654D}.Release|Any CPU.Build.0 = Release|Any CPU
		{6B60476C-5037-4F10-B7CD-C675EF8A3EDD}.Debug|Any CPU.ActiveCfg = Debug|Any CPU
		{6B60476C-5037-4F10-B7CD-C675EF8A3EDD}.Debug|Any CPU.Build.0 = Debug|Any CPU
		{6B60476C-5037-4F10-B7CD-C675EF8A3EDD}.Release|Any CPU.ActiveCfg = Release|Any CPU
		{6B60476C-5037-4F10-B7CD-C675EF8A3EDD}.Release|Any CPU.Build.0 = Release|Any CPU
		{329FBD90-4518-4B9A-AA2A-0A8126D77DE9}.Debug|Any CPU.ActiveCfg = Debug|Any CPU
		{329FBD90-4518-4B9A-AA2A-0A8126D77DE9}.Debug|Any CPU.Build.0 = Debug|Any CPU
		{329FBD90-4518-4B9A-AA2A-0A8126D77DE9}.Release|Any CPU.ActiveCfg = Release|Any CPU
		{329FBD90-4518-4B9A-AA2A-0A8126D77DE9}.Release|Any CPU.Build.0 = Release|Any CPU
		{37B0ACD8-E417-448E-AFD1-125E2BFFCB92}.Debug|Any CPU.ActiveCfg = Debug|Any CPU
		{37B0ACD8-E417-448E-AFD1-125E2BFFCB92}.Debug|Any CPU.Build.0 = Debug|Any CPU
		{37B0ACD8-E417-448E-AFD1-125E2BFFCB92}.Release|Any CPU.ActiveCfg = Release|Any CPU
		{37B0ACD8-E417-448E-AFD1-125E2BFFCB92}.Release|Any CPU.Build.0 = Release|Any CPU
		{043448D4-1A72-4EE0-BEF5-62EA4770B188}.Debug|Any CPU.ActiveCfg = Debug|Any CPU
		{043448D4-1A72-4EE0-BEF5-62EA4770B188}.Debug|Any CPU.Build.0 = Debug|Any CPU
		{043448D4-1A72-4EE0-BEF5-62EA4770B188}.Release|Any CPU.ActiveCfg = Release|Any CPU
		{043448D4-1A72-4EE0-BEF5-62EA4770B188}.Release|Any CPU.Build.0 = Release|Any CPU
<<<<<<< HEAD
=======
		{5F1E948D-2066-4BB9-9F39-41577F42E1A3}.Debug|Any CPU.ActiveCfg = Debug|Any CPU
		{5F1E948D-2066-4BB9-9F39-41577F42E1A3}.Debug|Any CPU.Build.0 = Debug|Any CPU
		{5F1E948D-2066-4BB9-9F39-41577F42E1A3}.Release|Any CPU.ActiveCfg = Release|Any CPU
		{5F1E948D-2066-4BB9-9F39-41577F42E1A3}.Release|Any CPU.Build.0 = Release|Any CPU
	EndGlobalSection
	GlobalSection(SolutionProperties) = preSolution
		HideSolutionNode = FALSE
	EndGlobalSection
	GlobalSection(ExtensibilityGlobals) = postSolution
		SolutionGuid = {1CA159A8-6ECD-45C1-9B93-D06850A26982}
>>>>>>> slide
	EndGlobalSection
EndGlobal
